lockfileVersion: '9.0'

settings:
  autoInstallPeers: true
  excludeLinksFromLockfile: false

importers:

  .:
    dependencies:
      '@heroicons/react':
        specifier: 2.2.0
        version: 2.2.0(react@19.0.0)
      clsx:
        specifier: 2.1.1
        version: 2.1.1
      date-fns:
        specifier: 4.1.0
        version: 4.1.0
      dinero.js:
        specifier: 2.0.0-alpha.10
        version: 2.0.0-alpha.10
      ms:
        specifier: 3.0.0-canary.1
        version: 3.0.0-canary.1
      next:
        specifier: 15.2.0-canary.49
        version: 15.2.0-canary.49(react-dom@19.0.0(react@19.0.0))(react@19.0.0)
      react:
        specifier: 19.0.0
        version: 19.0.0
      react-dom:
        specifier: 19.0.0
        version: 19.0.0(react@19.0.0)
      server-only:
        specifier: 0.0.1
        version: 0.0.1
      styled-components:
        specifier: 6.1.15
        version: 6.1.15(react-dom@19.0.0(react@19.0.0))(react@19.0.0)
      use-count-up:
        specifier: 3.0.1
        version: 3.0.1(react@19.0.0)
    devDependencies:
      '@tailwindcss/forms':
        specifier: 0.5.10
        version: 0.5.10(tailwindcss@4.0.6)
      '@tailwindcss/postcss':
        specifier: 4.0.6
        version: 4.0.6
      '@tailwindcss/typography':
        specifier: 0.5.16
        version: 0.5.16(tailwindcss@4.0.6)
      '@types/ms':
        specifier: 2.1.0
        version: 2.1.0
      '@types/node':
        specifier: 22.13.1
        version: 22.13.1
      '@types/react':
        specifier: 19.0.8
        version: 19.0.8
      '@types/react-dom':
        specifier: 19.0.3
        version: 19.0.3(@types/react@19.0.8)
      postcss:
        specifier: 8.5.2
        version: 8.5.2
      prettier:
        specifier: 3.5.0
        version: 3.5.0
      prettier-plugin-tailwindcss:
        specifier: 0.6.11
        version: 0.6.11(prettier@3.5.0)
      tailwindcss:
        specifier: 4.0.6
        version: 4.0.6
      typescript:
        specifier: 5.7.3
        version: 5.7.3

packages:

  '@alloc/quick-lru@5.2.0':
    resolution: {integrity: sha512-UrcABB+4bUrFABwbluTIBErXwvbsU/V7TZWfmbgJfbkwiBuziS9gxdODUyuiecfdGQ85jglMW6juS3+z5TsKLw==}
    engines: {node: '>=10'}

  '@dinero.js/calculator-number@2.0.0-alpha.10':
    resolution: {integrity: sha512-EdKG0yykukigfdq+TsxZ9r0Wrg5flYAncKWSfr2snWDXurFsg8JE0oazVraCBA3Vb5LN4vGuFEpTFTH+dIrRCg==}

  '@dinero.js/core@2.0.0-alpha.10':
    resolution: {integrity: sha512-vjeGXQbNvDXlXK54zaWDydEXyFAvLDj6LCfwO4CTZJIqn3+PaXakaEd5S0AXC6hluPatxnQa5J63x3WQ/Imrjw==}

  '@dinero.js/currencies@2.0.0-alpha.10':
    resolution: {integrity: sha512-IDKaAh0YcJh700uLCrvWtIRCl5sItc3S2rk4IfVJBbms3j+NBDOlVFJnwru+UrMh7VpqU9GlZRsHcHf0NxYE9A==}

  '@emnapi/runtime@1.3.1':
    resolution: {integrity: sha512-kEBmG8KyqtxJZv+ygbEim+KCGtIq1fC22Ms3S4ziXmYKm8uyoLX0MHONVKwp+9opg390VaKRNt4a7A9NwmpNhw==}

  '@emotion/is-prop-valid@1.2.2':
    resolution: {integrity: sha512-uNsoYd37AFmaCdXlg6EYD1KaPOaRWRByMCYzbKUX4+hhMfrxdVSelShywL4JVaAeM/eHUOSprYBQls+/neX3pw==}

  '@emotion/memoize@0.8.1':
    resolution: {integrity: sha512-W2P2c/VRW1/1tLox0mVUalvnWXxavmv/Oum2aPsRcoDJuob75FC3Y8FbpfLwUegRcxINtGUMPq0tFCvYNTBXNA==}

  '@emotion/unitless@0.8.1':
    resolution: {integrity: sha512-KOEGMu6dmJZtpadb476IsZBclKvILjopjUii3V+7MnXIQCYh8W3NgNcgwo21n9LXZX6EDIKvqfjYxXebDwxKmQ==}

  '@heroicons/react@2.2.0':
    resolution: {integrity: sha512-LMcepvRaS9LYHJGsF0zzmgKCUim/X3N/DQKc4jepAXJ7l8QxJ1PmxJzqplF2Z3FE4PqBAIGyJAQ/w4B5dsqbtQ==}
    peerDependencies:
      react: '>= 16 || ^19.0.0-rc'

  '@img/sharp-darwin-arm64@0.33.5':
    resolution: {integrity: sha512-UT4p+iz/2H4twwAoLCqfA9UH5pI6DggwKEGuaPy7nCVQ8ZsiY5PIcrRvD1DzuY3qYL07NtIQcWnBSY/heikIFQ==}
    engines: {node: ^18.17.0 || ^20.3.0 || >=21.0.0}
    cpu: [arm64]
    os: [darwin]

  '@img/sharp-darwin-x64@0.33.5':
    resolution: {integrity: sha512-fyHac4jIc1ANYGRDxtiqelIbdWkIuQaI84Mv45KvGRRxSAa7o7d1ZKAOBaYbnepLC1WqxfpimdeWfvqqSGwR2Q==}
    engines: {node: ^18.17.0 || ^20.3.0 || >=21.0.0}
    cpu: [x64]
    os: [darwin]

  '@img/sharp-libvips-darwin-arm64@1.0.4':
    resolution: {integrity: sha512-XblONe153h0O2zuFfTAbQYAX2JhYmDHeWikp1LM9Hul9gVPjFY427k6dFEcOL72O01QxQsWi761svJ/ev9xEDg==}
    cpu: [arm64]
    os: [darwin]

  '@img/sharp-libvips-darwin-x64@1.0.4':
    resolution: {integrity: sha512-xnGR8YuZYfJGmWPvmlunFaWJsb9T/AO2ykoP3Fz/0X5XV2aoYBPkX6xqCQvUTKKiLddarLaxpzNe+b1hjeWHAQ==}
    cpu: [x64]
    os: [darwin]

  '@img/sharp-libvips-linux-arm64@1.0.4':
    resolution: {integrity: sha512-9B+taZ8DlyyqzZQnoeIvDVR/2F4EbMepXMc/NdVbkzsJbzkUjhXv/70GQJ7tdLA4YJgNP25zukcxpX2/SueNrA==}
    cpu: [arm64]
    os: [linux]

  '@img/sharp-libvips-linux-arm@1.0.5':
    resolution: {integrity: sha512-gvcC4ACAOPRNATg/ov8/MnbxFDJqf/pDePbBnuBDcjsI8PssmjoKMAz4LtLaVi+OnSb5FK/yIOamqDwGmXW32g==}
    cpu: [arm]
    os: [linux]

  '@img/sharp-libvips-linux-s390x@1.0.4':
    resolution: {integrity: sha512-u7Wz6ntiSSgGSGcjZ55im6uvTrOxSIS8/dgoVMoiGE9I6JAfU50yH5BoDlYA1tcuGS7g/QNtetJnxA6QEsCVTA==}
    cpu: [s390x]
    os: [linux]

  '@img/sharp-libvips-linux-x64@1.0.4':
    resolution: {integrity: sha512-MmWmQ3iPFZr0Iev+BAgVMb3ZyC4KeFc3jFxnNbEPas60e1cIfevbtuyf9nDGIzOaW9PdnDciJm+wFFaTlj5xYw==}
    cpu: [x64]
    os: [linux]

  '@img/sharp-libvips-linuxmusl-arm64@1.0.4':
    resolution: {integrity: sha512-9Ti+BbTYDcsbp4wfYib8Ctm1ilkugkA/uscUn6UXK1ldpC1JjiXbLfFZtRlBhjPZ5o1NCLiDbg8fhUPKStHoTA==}
    cpu: [arm64]
    os: [linux]

  '@img/sharp-libvips-linuxmusl-x64@1.0.4':
    resolution: {integrity: sha512-viYN1KX9m+/hGkJtvYYp+CCLgnJXwiQB39damAO7WMdKWlIhmYTfHjwSbQeUK/20vY154mwezd9HflVFM1wVSw==}
    cpu: [x64]
    os: [linux]

  '@img/sharp-linux-arm64@0.33.5':
    resolution: {integrity: sha512-JMVv+AMRyGOHtO1RFBiJy/MBsgz0x4AWrT6QoEVVTyh1E39TrCUpTRI7mx9VksGX4awWASxqCYLCV4wBZHAYxA==}
    engines: {node: ^18.17.0 || ^20.3.0 || >=21.0.0}
    cpu: [arm64]
    os: [linux]

  '@img/sharp-linux-arm@0.33.5':
    resolution: {integrity: sha512-JTS1eldqZbJxjvKaAkxhZmBqPRGmxgu+qFKSInv8moZ2AmT5Yib3EQ1c6gp493HvrvV8QgdOXdyaIBrhvFhBMQ==}
    engines: {node: ^18.17.0 || ^20.3.0 || >=21.0.0}
    cpu: [arm]
    os: [linux]

  '@img/sharp-linux-s390x@0.33.5':
    resolution: {integrity: sha512-y/5PCd+mP4CA/sPDKl2961b+C9d+vPAveS33s6Z3zfASk2j5upL6fXVPZi7ztePZ5CuH+1kW8JtvxgbuXHRa4Q==}
    engines: {node: ^18.17.0 || ^20.3.0 || >=21.0.0}
    cpu: [s390x]
    os: [linux]

  '@img/sharp-linux-x64@0.33.5':
    resolution: {integrity: sha512-opC+Ok5pRNAzuvq1AG0ar+1owsu842/Ab+4qvU879ippJBHvyY5n2mxF1izXqkPYlGuP/M556uh53jRLJmzTWA==}
    engines: {node: ^18.17.0 || ^20.3.0 || >=21.0.0}
    cpu: [x64]
    os: [linux]

  '@img/sharp-linuxmusl-arm64@0.33.5':
    resolution: {integrity: sha512-XrHMZwGQGvJg2V/oRSUfSAfjfPxO+4DkiRh6p2AFjLQztWUuY/o8Mq0eMQVIY7HJ1CDQUJlxGGZRw1a5bqmd1g==}
    engines: {node: ^18.17.0 || ^20.3.0 || >=21.0.0}
    cpu: [arm64]
    os: [linux]

  '@img/sharp-linuxmusl-x64@0.33.5':
    resolution: {integrity: sha512-WT+d/cgqKkkKySYmqoZ8y3pxx7lx9vVejxW/W4DOFMYVSkErR+w7mf2u8m/y4+xHe7yY9DAXQMWQhpnMuFfScw==}
    engines: {node: ^18.17.0 || ^20.3.0 || >=21.0.0}
    cpu: [x64]
    os: [linux]

  '@img/sharp-wasm32@0.33.5':
    resolution: {integrity: sha512-ykUW4LVGaMcU9lu9thv85CbRMAwfeadCJHRsg2GmeRa/cJxsVY9Rbd57JcMxBkKHag5U/x7TSBpScF4U8ElVzg==}
    engines: {node: ^18.17.0 || ^20.3.0 || >=21.0.0}
    cpu: [wasm32]

  '@img/sharp-win32-ia32@0.33.5':
    resolution: {integrity: sha512-T36PblLaTwuVJ/zw/LaH0PdZkRz5rd3SmMHX8GSmR7vtNSP5Z6bQkExdSK7xGWyxLw4sUknBuugTelgw2faBbQ==}
    engines: {node: ^18.17.0 || ^20.3.0 || >=21.0.0}
    cpu: [ia32]
    os: [win32]

  '@img/sharp-win32-x64@0.33.5':
    resolution: {integrity: sha512-MpY/o8/8kj+EcnxwvrP4aTJSWw/aZ7JIGR4aBeZkZw5B7/Jn+tY9/VNwtcoGmdT7GfggGIU4kygOMSbYnOrAbg==}
    engines: {node: ^18.17.0 || ^20.3.0 || >=21.0.0}
    cpu: [x64]
    os: [win32]

  '@next/env@15.2.0-canary.49':
    resolution: {integrity: sha512-GrJJfIb24fQO1S58EK92qvK8O/j+JhpJQuv4AdtxU2bZNFZVXniLLZFB9Cv923hJg5TAtHJXr5EFvbwKPEa4Ag==}

  '@next/swc-darwin-arm64@15.2.0-canary.49':
    resolution: {integrity: sha512-//o3LUZlFZgrqSd3xlS0de9E3niHqpoh3cFPFompDsbp/c/E25sabrPhsZwhxn2jRMuyCprgMJODGZRtnqqwww==}
    engines: {node: '>= 10'}
    cpu: [arm64]
    os: [darwin]

  '@next/swc-darwin-x64@15.2.0-canary.49':
    resolution: {integrity: sha512-z5dFYmJ4DdLv4LG1R+V9hQHF28M8FUP7d27RCFGP4ZU0qV1UGWCiLvy5sJcmq/PjxC1X5dS9Ge9Qa7XTef0kFw==}
    engines: {node: '>= 10'}
    cpu: [x64]
    os: [darwin]

  '@next/swc-linux-arm64-gnu@15.2.0-canary.49':
    resolution: {integrity: sha512-V0VwOTcNFl7eKHfecB05/N0mrYpjks8rT6rSeDQom65DpBAdxnp1E7S/pOtoV63Uw6V9YnwJKL+ctq+CPmhThA==}
    engines: {node: '>= 10'}
    cpu: [arm64]
    os: [linux]

  '@next/swc-linux-arm64-musl@15.2.0-canary.49':
    resolution: {integrity: sha512-HWa/mb0VchWjxDy+aKxyLrOgycR81zkLdmJbT+6d/mq67Sj1l0Cz/2oj9OHXh/Ney7wAJqLLeUmq6I/eMvuzaA==}
    engines: {node: '>= 10'}
    cpu: [arm64]
    os: [linux]

  '@next/swc-linux-x64-gnu@15.2.0-canary.49':
    resolution: {integrity: sha512-MAxIVorihc1dMxhADt+rU4vCvu/bcUCDh6UEYniaqPdJHcuPo5hjkRh4cdgkO4enBRMi8QsOWIpxIRSJgNIs0A==}
    engines: {node: '>= 10'}
    cpu: [x64]
    os: [linux]

  '@next/swc-linux-x64-musl@15.2.0-canary.49':
    resolution: {integrity: sha512-EZgaaRkZZy4Q3G/gXufPi4OiUa2Luj2hUVaVPuvHbTUwdv5hpa04CQ0joDty9Ppw5b5WwAiRgXfl7k7ryy/A1Q==}
    engines: {node: '>= 10'}
    cpu: [x64]
    os: [linux]

  '@next/swc-win32-arm64-msvc@15.2.0-canary.49':
    resolution: {integrity: sha512-UqZ1YqehZjSF0jp6sJNgEJnDVao3rLpu/Tlxu2R9jo8hlaS3HWJWdSESU60PZsqAncEZAAQdA4bOFDVf7VwdLA==}
    engines: {node: '>= 10'}
    cpu: [arm64]
    os: [win32]

  '@next/swc-win32-x64-msvc@15.2.0-canary.49':
    resolution: {integrity: sha512-KYP4wozaM94vJskp9B/ltdNK7SvAhhqYJfysH/CNRERSt5cwyUzbiapCICef5aBjFxkgnuEjd7RNKJTspp2PyA==}
    engines: {node: '>= 10'}
    cpu: [x64]
    os: [win32]

  '@swc/counter@0.1.3':
    resolution: {integrity: sha512-e2BR4lsJkkRlKZ/qCHPw9ZaSxc0MVUd7gtbtaB7aMvHeJVYe8sOB8DBZkP2DtISHGSku9sCK6T6cnY0CtXrOCQ==}

  '@swc/helpers@0.5.15':
    resolution: {integrity: sha512-JQ5TuMi45Owi4/BIMAJBoSQoOJu12oOk/gADqlcUL9JEdHB8vyjUSsxqeNXnmXHjYKMi2WcYtezGEEhqUI/E2g==}

  '@tailwindcss/forms@0.5.10':
    resolution: {integrity: sha512-utI1ONF6uf/pPNO68kmN1b8rEwNXv3czukalo8VtJH8ksIkZXr3Q3VYudZLkCsDd4Wku120uF02hYK25XGPorw==}
    peerDependencies:
      tailwindcss: '>=3.0.0 || >= 3.0.0-alpha.1 || >= 4.0.0-alpha.20 || >= 4.0.0-beta.1'

  '@tailwindcss/node@4.0.6':
    resolution: {integrity: sha512-jb6E0WeSq7OQbVYcIJ6LxnZTeC4HjMvbzFBMCrQff4R50HBlo/obmYNk6V2GCUXDeqiXtvtrQgcIbT+/boB03Q==}

  '@tailwindcss/oxide-android-arm64@4.0.6':
    resolution: {integrity: sha512-xDbym6bDPW3D2XqQqX3PjqW3CKGe1KXH7Fdkc60sX5ZLVUbzPkFeunQaoP+BuYlLc2cC1FoClrIRYnRzof9Sow==}
    engines: {node: '>= 10'}
    cpu: [arm64]
    os: [android]

  '@tailwindcss/oxide-darwin-arm64@4.0.6':
    resolution: {integrity: sha512-1f71/ju/tvyGl5c2bDkchZHy8p8EK/tDHCxlpYJ1hGNvsYihZNurxVpZ0DefpN7cNc9RTT8DjrRoV8xXZKKRjg==}
    engines: {node: '>= 10'}
    cpu: [arm64]
    os: [darwin]

  '@tailwindcss/oxide-darwin-x64@4.0.6':
    resolution: {integrity: sha512-s/hg/ZPgxFIrGMb0kqyeaqZt505P891buUkSezmrDY6lxv2ixIELAlOcUVTkVh245SeaeEiUVUPiUN37cwoL2g==}
    engines: {node: '>= 10'}
    cpu: [x64]
    os: [darwin]

  '@tailwindcss/oxide-freebsd-x64@4.0.6':
    resolution: {integrity: sha512-Z3Wo8FWZnmio8+xlcbb7JUo/hqRMSmhQw8IGIRoRJ7GmLR0C+25Wq+bEX/135xe/yEle2lFkhu9JBHd4wZYiig==}
    engines: {node: '>= 10'}
    cpu: [x64]
    os: [freebsd]

  '@tailwindcss/oxide-linux-arm-gnueabihf@4.0.6':
    resolution: {integrity: sha512-SNSwkkim1myAgmnbHs4EjXsPL7rQbVGtjcok5EaIzkHkCAVK9QBQsWeP2Jm2/JJhq4wdx8tZB9Y7psMzHYWCkA==}
    engines: {node: '>= 10'}
    cpu: [arm]
    os: [linux]

  '@tailwindcss/oxide-linux-arm64-gnu@4.0.6':
    resolution: {integrity: sha512-tJ+mevtSDMQhKlwCCuhsFEFg058kBiSy4TkoeBG921EfrHKmexOaCyFKYhVXy4JtkaeeOcjJnCLasEeqml4i+Q==}
    engines: {node: '>= 10'}
    cpu: [arm64]
    os: [linux]

  '@tailwindcss/oxide-linux-arm64-musl@4.0.6':
    resolution: {integrity: sha512-IoArz1vfuTR4rALXMUXI/GWWfx2EaO4gFNtBNkDNOYhlTD4NVEwE45nbBoojYiTulajI4c2XH8UmVEVJTOJKxA==}
    engines: {node: '>= 10'}
    cpu: [arm64]
    os: [linux]

  '@tailwindcss/oxide-linux-x64-gnu@4.0.6':
    resolution: {integrity: sha512-QtsUfLkEAeWAC3Owx9Kg+7JdzE+k9drPhwTAXbXugYB9RZUnEWWx5x3q/au6TvUYcL+n0RBqDEO2gucZRvRFgQ==}
    engines: {node: '>= 10'}
    cpu: [x64]
    os: [linux]

  '@tailwindcss/oxide-linux-x64-musl@4.0.6':
    resolution: {integrity: sha512-QthvJqIji2KlGNwLcK/PPYo7w1Wsi/8NK0wAtRGbv4eOPdZHkQ9KUk+oCoP20oPO7i2a6X1aBAFQEL7i08nNMA==}
    engines: {node: '>= 10'}
    cpu: [x64]
    os: [linux]

  '@tailwindcss/oxide-win32-arm64-msvc@4.0.6':
    resolution: {integrity: sha512-+oka+dYX8jy9iP00DJ9Y100XsqvbqR5s0yfMZJuPR1H/lDVtDfsZiSix1UFBQ3X1HWxoEEl6iXNJHWd56TocVw==}
    engines: {node: '>= 10'}
    cpu: [arm64]
    os: [win32]

  '@tailwindcss/oxide-win32-x64-msvc@4.0.6':
    resolution: {integrity: sha512-+o+juAkik4p8Ue/0LiflQXPmVatl6Av3LEZXpBTfg4qkMIbZdhCGWFzHdt2NjoMiLOJCFDddoV6GYaimvK1Olw==}
    engines: {node: '>= 10'}
    cpu: [x64]
    os: [win32]

  '@tailwindcss/oxide@4.0.6':
    resolution: {integrity: sha512-lVyKV2y58UE9CeKVcYykULe9QaE1dtKdxDEdrTPIdbzRgBk6bdxHNAoDqvcqXbIGXubn3VOl1O/CFF77v/EqSA==}
    engines: {node: '>= 10'}

  '@tailwindcss/postcss@4.0.6':
    resolution: {integrity: sha512-noTaGPHjGCXTCc487TWnfAEN0VMjqDAecssWDOsfxV2hFrcZR0AHthX7IdY/0xHTg/EtpmIPdssddlZ5/B7JnQ==}

  '@tailwindcss/typography@0.5.16':
    resolution: {integrity: sha512-0wDLwCVF5V3x3b1SGXPCDcdsbDHMBe+lkFzBRaHeLvNi+nrrnZ1lA18u+OTWO8iSWU2GxUOCvlXtDuqftc1oiA==}
    peerDependencies:
      tailwindcss: '>=3.0.0 || insiders || >=4.0.0-alpha.20 || >=4.0.0-beta.1'

  '@types/ms@2.1.0':
    resolution: {integrity: sha512-GsCCIZDE/p3i96vtEqx+7dBUGXrc7zeSK3wwPHIaRThS+9OhWIXRqzs4d6k1SVU8g91DrNRWxWUGhp5KXQb2VA==}

  '@types/node@22.13.1':
    resolution: {integrity: sha512-jK8uzQlrvXqEU91UxiK5J7pKHyzgnI1Qnl0QDHIgVGuolJhRb9EEl28Cj9b3rGR8B2lhFCtvIm5os8lFnO/1Ew==}

  '@types/react-dom@19.0.3':
    resolution: {integrity: sha512-0Knk+HJiMP/qOZgMyNFamlIjw9OFCsyC2ZbigmEEyXXixgre6IQpm/4V+r3qH4GC1JPvRJKInw+on2rV6YZLeA==}
    peerDependencies:
      '@types/react': ^19.0.0

  '@types/react@19.0.8':
    resolution: {integrity: sha512-9P/o1IGdfmQxrujGbIMDyYaaCykhLKc0NGCtYcECNUr9UAaDe4gwvV9bR6tvd5Br1SG0j+PBpbKr2UYY8CwqSw==}

  '@types/stylis@4.2.5':
    resolution: {integrity: sha512-1Xve+NMN7FWjY14vLoY5tL3BVEQ/n42YLwaqJIPYhotZ9uBHt87VceMwWQpzmdEt2TNXIorIFG+YeCUUW7RInw==}

  busboy@1.6.0:
    resolution: {integrity: sha512-8SFQbg/0hQ9xy3UNTB0YEnsNBbWfhf7RtnzpL7TkBiTBRfrQ9Fxcnz7VJsleJpyp6rVLvXiuORqjlHi5q+PYuA==}
    engines: {node: '>=10.16.0'}

  camelize@1.0.1:
    resolution: {integrity: sha512-dU+Tx2fsypxTgtLoE36npi3UqcjSSMNYfkqgmoEhtZrraP5VWq0K7FkWVTYa8eMPtnU/G2txVsfdCJTn9uzpuQ==}

  caniuse-lite@1.0.30001699:
    resolution: {integrity: sha512-b+uH5BakXZ9Do9iK+CkDmctUSEqZl+SP056vc5usa0PL+ev5OHw003rZXcnjNDv3L8P5j6rwT6C0BPKSikW08w==}

  client-only@0.0.1:
    resolution: {integrity: sha512-IV3Ou0jSMzZrd3pZ48nLkT9DA7Ag1pnPzaiQhpW7c3RbcqqzvzzVu+L8gfqMp/8IM2MQtSiqaCxrrcfu8I8rMA==}

  clsx@2.1.1:
    resolution: {integrity: sha512-eYm0QWBtUrBWZWG0d386OGAw16Z995PiOVo2B7bjWSbHedGl5e0ZWaq65kOGgUSNesEIDkB9ISbTg/JK9dhCZA==}
    engines: {node: '>=6'}

  color-convert@2.0.1:
    resolution: {integrity: sha512-RRECPsj7iu/xb5oKYcsFHSppFNnsj/52OVTRKb4zP5onXwVF3zVmmToNcOfGC+CRDpfK/U584fMg38ZHCaElKQ==}
    engines: {node: '>=7.0.0'}

  color-name@1.1.4:
    resolution: {integrity: sha512-dOy+3AuW3a2wNbZHIuMZpTcgjGuLU/uBL/ubcZF9OXbDo8ff4O8yVp5Bf0efS8uEoYo5q4Fx7dY9OgQGXgAsQA==}

  color-string@1.9.1:
    resolution: {integrity: sha512-shrVawQFojnZv6xM40anx4CkoDP+fZsw/ZerEMsW/pyzsRbElpsL/DBVW7q3ExxwusdNXI3lXpuhEZkzs8p5Eg==}

  color@4.2.3:
    resolution: {integrity: sha512-1rXeuUUiGGrykh+CeBdu5Ie7OJwinCgQY0bc7GCRxy5xVHy+moaqkpL/jqQq0MtQOeYcrqEz4abc5f0KtU7W4A==}
    engines: {node: '>=12.5.0'}

  css-color-keywords@1.0.0:
    resolution: {integrity: sha512-FyyrDHZKEjXDpNJYvVsV960FiqQyXc/LlYmsxl2BcdMb2WPx0OGRVgTg55rPSyLSNMqP52R9r8geSp7apN3Ofg==}
    engines: {node: '>=4'}

  css-to-react-native@3.2.0:
    resolution: {integrity: sha512-e8RKaLXMOFii+02mOlqwjbD00KSEKqblnpO9e++1aXS1fPQOpS1YoqdVHBqPjHNoxeF2mimzVqawm2KCbEdtHQ==}

  cssesc@3.0.0:
    resolution: {integrity: sha512-/Tb/JcjK111nNScGob5MNtsntNM1aCNUDipB/TkwZFhyDrrE47SOx/18wF2bbjgc3ZzCSKW1T5nt5EbFoAz/Vg==}
    engines: {node: '>=4'}
    hasBin: true

  csstype@3.1.3:
    resolution: {integrity: sha512-M1uQkMl8rQK/szD0LNhtqxIPLpimGm8sOBwU7lLnCpSbTyY3yeU1Vc7l4KT5zT4s/yOxHH5O7tIuuLOCnLADRw==}

  date-fns@4.1.0:
    resolution: {integrity: sha512-Ukq0owbQXxa/U3EGtsdVBkR1w7KOQ5gIBqdH2hkvknzZPYvBxb/aa6E8L7tmjFtkwZBu3UXBbjIgPo/Ez4xaNg==}

  detect-libc@1.0.3:
    resolution: {integrity: sha512-pGjwhsmsp4kL2RTz08wcOlGN83otlqHeD/Z5T8GXZB+/YcpQ/dgo+lbU8ZsGxV0HIvqqxo9l7mqYwyYMD9bKDg==}
    engines: {node: '>=0.10'}
    hasBin: true

  detect-libc@2.0.3:
    resolution: {integrity: sha512-bwy0MGW55bG41VqxxypOsdSdGqLwXPI/focwgTYCFMbdUiBAxLg9CFzG08sz2aqzknwiX7Hkl0bQENjg8iLByw==}
    engines: {node: '>=8'}

  dinero.js@2.0.0-alpha.10:
    resolution: {integrity: sha512-EDiOZanmJBJnFfiz5cUL/I2UI7EXQ0jXf18srqgO7sQhChyBbN39b5sf6T4fq4Oj3f4/6x2L96YPUbMRcUmd/A==}

  enhanced-resolve@5.18.1:
    resolution: {integrity: sha512-ZSW3ma5GkcQBIpwZTSRAI8N71Uuwgs93IezB7mf7R60tC8ZbJideoDNKjHn2O9KIlx6rkGTTEk1xUCK2E1Y2Yg==}
    engines: {node: '>=10.13.0'}

  graceful-fs@4.2.11:
    resolution: {integrity: sha512-RbJ5/jmFcNNCcDV5o9eTnBLJ/HszWV0P73bc+Ff4nS/rJj+YaS6IGyiOL0VoBYX+l1Wrl3k63h/KrH+nhJ0XvQ==}

  is-arrayish@0.3.2:
    resolution: {integrity: sha512-eVRqCvVlZbuw3GrM63ovNSNAeA1K16kaR/LRY/92w0zxQ5/1YzwblUX652i4Xs9RwAGjW9d9y6X88t8OaAJfWQ==}

  jiti@2.4.2:
    resolution: {integrity: sha512-rg9zJN+G4n2nfJl5MW3BMygZX56zKPNVEYYqq7adpmMh4Jn2QNEwhvQlFy6jPVdcod7txZtKHWnyZiA3a0zP7A==}
    hasBin: true

  lightningcss-darwin-arm64@1.29.1:
    resolution: {integrity: sha512-HtR5XJ5A0lvCqYAoSv2QdZZyoHNttBpa5EP9aNuzBQeKGfbyH5+UipLWvVzpP4Uml5ej4BYs5I9Lco9u1fECqw==}
    engines: {node: '>= 12.0.0'}
    cpu: [arm64]
    os: [darwin]

  lightningcss-darwin-x64@1.29.1:
    resolution: {integrity: sha512-k33G9IzKUpHy/J/3+9MCO4e+PzaFblsgBjSGlpAaFikeBFm8B/CkO3cKU9oI4g+fjS2KlkLM/Bza9K/aw8wsNA==}
    engines: {node: '>= 12.0.0'}
    cpu: [x64]
    os: [darwin]

  lightningcss-freebsd-x64@1.29.1:
    resolution: {integrity: sha512-0SUW22fv/8kln2LnIdOCmSuXnxgxVC276W5KLTwoehiO0hxkacBxjHOL5EtHD8BAXg2BvuhsJPmVMasvby3LiQ==}
    engines: {node: '>= 12.0.0'}
    cpu: [x64]
    os: [freebsd]

  lightningcss-linux-arm-gnueabihf@1.29.1:
    resolution: {integrity: sha512-sD32pFvlR0kDlqsOZmYqH/68SqUMPNj+0pucGxToXZi4XZgZmqeX/NkxNKCPsswAXU3UeYgDSpGhu05eAufjDg==}
    engines: {node: '>= 12.0.0'}
    cpu: [arm]
    os: [linux]

  lightningcss-linux-arm64-gnu@1.29.1:
    resolution: {integrity: sha512-0+vClRIZ6mmJl/dxGuRsE197o1HDEeeRk6nzycSy2GofC2JsY4ifCRnvUWf/CUBQmlrvMzt6SMQNMSEu22csWQ==}
    engines: {node: '>= 12.0.0'}
    cpu: [arm64]
    os: [linux]

  lightningcss-linux-arm64-musl@1.29.1:
    resolution: {integrity: sha512-UKMFrG4rL/uHNgelBsDwJcBqVpzNJbzsKkbI3Ja5fg00sgQnHw/VrzUTEc4jhZ+AN2BvQYz/tkHu4vt1kLuJyw==}
    engines: {node: '>= 12.0.0'}
    cpu: [arm64]
    os: [linux]

  lightningcss-linux-x64-gnu@1.29.1:
    resolution: {integrity: sha512-u1S+xdODy/eEtjADqirA774y3jLcm8RPtYztwReEXoZKdzgsHYPl0s5V52Tst+GKzqjebkULT86XMSxejzfISw==}
    engines: {node: '>= 12.0.0'}
    cpu: [x64]
    os: [linux]

  lightningcss-linux-x64-musl@1.29.1:
    resolution: {integrity: sha512-L0Tx0DtaNUTzXv0lbGCLB/c/qEADanHbu4QdcNOXLIe1i8i22rZRpbT3gpWYsCh9aSL9zFujY/WmEXIatWvXbw==}
    engines: {node: '>= 12.0.0'}
    cpu: [x64]
    os: [linux]

  lightningcss-win32-arm64-msvc@1.29.1:
    resolution: {integrity: sha512-QoOVnkIEFfbW4xPi+dpdft/zAKmgLgsRHfJalEPYuJDOWf7cLQzYg0DEh8/sn737FaeMJxHZRc1oBreiwZCjog==}
    engines: {node: '>= 12.0.0'}
    cpu: [arm64]
    os: [win32]

  lightningcss-win32-x64-msvc@1.29.1:
    resolution: {integrity: sha512-NygcbThNBe4JElP+olyTI/doBNGJvLs3bFCRPdvuCcxZCcCZ71B858IHpdm7L1btZex0FvCmM17FK98Y9MRy1Q==}
    engines: {node: '>= 12.0.0'}
    cpu: [x64]
    os: [win32]

  lightningcss@1.29.1:
    resolution: {integrity: sha512-FmGoeD4S05ewj+AkhTY+D+myDvXI6eL27FjHIjoyUkO/uw7WZD1fBVs0QxeYWa7E17CUHJaYX/RUGISCtcrG4Q==}
    engines: {node: '>= 12.0.0'}

  lodash.castarray@4.4.0:
    resolution: {integrity: sha512-aVx8ztPv7/2ULbArGJ2Y42bG1mEQ5mGjpdvrbJcJFU3TbYybe+QlLS4pst9zV52ymy2in1KpFPiZnAOATxD4+Q==}

  lodash.isplainobject@4.0.6:
    resolution: {integrity: sha512-oSXzaWypCMHkPC3NvBEaPHf0KsA5mvPrOPgQWDsbg8n7orZ290M0BmC/jgRZ4vcJ6DTAhjrsSYgdsW/F+MFOBA==}

  lodash.merge@4.6.2:
    resolution: {integrity: sha512-0KpjqXRVvrYyCsX1swR/XTK0va6VQkQM6MNo7PqW77ByjAhoARA8EfrP1N4+KlKj8YS0ZUCtRT/YUuhyYDujIQ==}

  mini-svg-data-uri@1.4.4:
    resolution: {integrity: sha512-r9deDe9p5FJUPZAk3A59wGH7Ii9YrjjWw0jmw/liSbHl2CHiyXj6FcDXDu2K3TjVAXqiJdaw3xxwlZZr9E6nHg==}
    hasBin: true

  ms@3.0.0-canary.1:
    resolution: {integrity: sha512-kh8ARjh8rMN7Du2igDRO9QJnqCb2xYTJxyQYK7vJJS4TvLLmsbyhiKpSW+t+y26gyOyMd0riphX0GeWKU3ky5g==}
    engines: {node: '>=12.13'}

  nanoid@3.3.8:
    resolution: {integrity: sha512-WNLf5Sd8oZxOm+TzppcYk8gVOgP+l58xNy58D0nbUnOxOWRWvlcCV4kUF7ltmI6PsrLl/BgKEyS4mqsGChFN0w==}
    engines: {node: ^10 || ^12 || ^13.7 || ^14 || >=15.0.1}
    hasBin: true

  next@15.2.0-canary.49:
    resolution: {integrity: sha512-X4gYpE5OhGhqrx2soac0KEvOW1I8ySwAJzavObyyocnCiouQ+NaLT71ydoIiygOR06lhtGaUD0LZSk1/2xJOtA==}
    engines: {node: ^18.18.0 || ^19.8.0 || >= 20.0.0}
    hasBin: true
    peerDependencies:
      '@opentelemetry/api': ^1.1.0
      '@playwright/test': ^1.41.2
      babel-plugin-react-compiler: '*'
      react: ^18.2.0 || 19.0.0-rc-de68d2f4-20241204 || ^19.0.0
      react-dom: ^18.2.0 || 19.0.0-rc-de68d2f4-20241204 || ^19.0.0
      sass: ^1.3.0
    peerDependenciesMeta:
      '@opentelemetry/api':
        optional: true
      '@playwright/test':
        optional: true
      babel-plugin-react-compiler:
        optional: true
      sass:
        optional: true

  picocolors@1.1.1:
    resolution: {integrity: sha512-xceH2snhtb5M9liqDsmEw56le376mTZkEX/jEb/RxNFyegNul7eNslCXP9FDj/Lcu0X8KEyMceP2ntpaHrDEVA==}

  postcss-selector-parser@6.0.10:
    resolution: {integrity: sha512-IQ7TZdoaqbT+LCpShg46jnZVlhWD2w6iQYAcYXfHARZ7X1t/UGhhceQDs5X0cGqKvYlHNOuv7Oa1xmb0oQuA3w==}
    engines: {node: '>=4'}

  postcss-value-parser@4.2.0:
    resolution: {integrity: sha512-1NNCs6uurfkVbeXG4S8JFT9t19m45ICnif8zWLd5oPSZ50QnwMfK+H3jv408d4jw/7Bttv5axS5IiHoLaVNHeQ==}

  postcss@8.4.31:
    resolution: {integrity: sha512-PS08Iboia9mts/2ygV3eLpY5ghnUcfLV/EXTOW1E2qYxJKGGBUtNjN76FYHnMs36RmARn41bC0AZmn+rR0OVpQ==}
    engines: {node: ^10 || ^12 || >=14}

  postcss@8.4.49:
    resolution: {integrity: sha512-OCVPnIObs4N29kxTjzLfUryOkvZEq+pf8jTF0lg8E7uETuWHA+v7j3c/xJmiqpX450191LlmZfUKkXxkTry7nA==}
    engines: {node: ^10 || ^12 || >=14}

  postcss@8.5.2:
    resolution: {integrity: sha512-MjOadfU3Ys9KYoX0AdkBlFEF1Vx37uCCeN4ZHnmwm9FfpbsGWMZeBLMmmpY+6Ocqod7mkdZ0DT31OlbsFrLlkA==}
    engines: {node: ^10 || ^12 || >=14}

  prettier-plugin-tailwindcss@0.6.11:
    resolution: {integrity: sha512-YxaYSIvZPAqhrrEpRtonnrXdghZg1irNg4qrjboCXrpybLWVs55cW2N3juhspVJiO0JBvYJT8SYsJpc8OQSnsA==}
    engines: {node: '>=14.21.3'}
    peerDependencies:
      '@ianvs/prettier-plugin-sort-imports': '*'
      '@prettier/plugin-pug': '*'
      '@shopify/prettier-plugin-liquid': '*'
      '@trivago/prettier-plugin-sort-imports': '*'
      '@zackad/prettier-plugin-twig': '*'
      prettier: ^3.0
      prettier-plugin-astro: '*'
      prettier-plugin-css-order: '*'
      prettier-plugin-import-sort: '*'
      prettier-plugin-jsdoc: '*'
      prettier-plugin-marko: '*'
      prettier-plugin-multiline-arrays: '*'
      prettier-plugin-organize-attributes: '*'
      prettier-plugin-organize-imports: '*'
      prettier-plugin-sort-imports: '*'
      prettier-plugin-style-order: '*'
      prettier-plugin-svelte: '*'
    peerDependenciesMeta:
      '@ianvs/prettier-plugin-sort-imports':
        optional: true
      '@prettier/plugin-pug':
        optional: true
      '@shopify/prettier-plugin-liquid':
        optional: true
      '@trivago/prettier-plugin-sort-imports':
        optional: true
      '@zackad/prettier-plugin-twig':
        optional: true
      prettier-plugin-astro:
        optional: true
      prettier-plugin-css-order:
        optional: true
      prettier-plugin-import-sort:
        optional: true
      prettier-plugin-jsdoc:
        optional: true
      prettier-plugin-marko:
        optional: true
      prettier-plugin-multiline-arrays:
        optional: true
      prettier-plugin-organize-attributes:
        optional: true
      prettier-plugin-organize-imports:
        optional: true
      prettier-plugin-sort-imports:
        optional: true
      prettier-plugin-style-order:
        optional: true
      prettier-plugin-svelte:
        optional: true

  prettier@3.5.0:
    resolution: {integrity: sha512-quyMrVt6svPS7CjQ9gKb3GLEX/rl3BCL2oa/QkNcXv4YNVBC9olt3s+H7ukto06q7B1Qz46PbrKLO34PR6vXcA==}
    engines: {node: '>=14'}
    hasBin: true

  react-dom@19.0.0:
    resolution: {integrity: sha512-4GV5sHFG0e/0AD4X+ySy6UJd3jVl1iNsNHdpad0qhABJ11twS3TTBnseqsKurKcsNqCEFeGL3uLpVChpIO3QfQ==}
    peerDependencies:
      react: ^19.0.0

  react@19.0.0:
    resolution: {integrity: sha512-V8AVnmPIICiWpGfm6GLzCR/W5FXLchHop40W4nXBmdlEceh16rCN8O8LNWm5bh5XUX91fh7KpA+W0TgMKmgTpQ==}
    engines: {node: '>=0.10.0'}

  scheduler@0.25.0:
    resolution: {integrity: sha512-xFVuu11jh+xcO7JOAGJNOXld8/TcEHK/4CituBUeUb5hqxJLj9YuemAEuvm9gQ/+pgXYfbQuqAkiYu+u7YEsNA==}

  semver@7.7.1:
    resolution: {integrity: sha512-hlq8tAfn0m/61p4BVRcPzIGr6LKiMwo4VM6dGi6pt4qcRkmNzTcWq6eCEjEh+qXjkMDvPlOFFSGwQjoEa6gyMA==}
    engines: {node: '>=10'}
    hasBin: true

  server-only@0.0.1:
    resolution: {integrity: sha512-qepMx2JxAa5jjfzxG79yPPq+8BuFToHd1hm7kI+Z4zAq1ftQiP7HcxMhDDItrbtwVeLg/cY2JnKnrcFkmiswNA==}

  shallowequal@1.1.0:
    resolution: {integrity: sha512-y0m1JoUZSlPAjXVtPPW70aZWfIL/dSP7AFkRnniLCrK/8MDKog3TySTBmckD+RObVxH0v4Tox67+F14PdED2oQ==}

  sharp@0.33.5:
    resolution: {integrity: sha512-haPVm1EkS9pgvHrQ/F3Xy+hgcuMV0Wm9vfIBSiwZ05k+xgb0PkBQpGsAA/oWdDobNaZTH5ppvHtzCFbnSEwHVw==}
    engines: {node: ^18.17.0 || ^20.3.0 || >=21.0.0}

  simple-swizzle@0.2.2:
    resolution: {integrity: sha512-JA//kQgZtbuY83m+xT+tXJkmJncGMTFT+C+g2h2R9uxkYIrE2yy9sgmcLhCnw57/WSD+Eh3J97FPEDFnbXnDUg==}

  source-map-js@1.2.1:
    resolution: {integrity: sha512-UXWMKhLOwVKb728IUtQPXxfYU+usdybtUrK/8uGE8CQMvrhOpwvzDBwj0QhSL7MQc7vIsISBG8VQ8+IDQxpfQA==}
    engines: {node: '>=0.10.0'}

  streamsearch@1.1.0:
    resolution: {integrity: sha512-Mcc5wHehp9aXz1ax6bZUyY5afg9u2rv5cqQI3mRrYkGC8rW2hM02jWuwjtL++LS5qinSyhj2QfLyNsuc+VsExg==}
    engines: {node: '>=10.0.0'}

  styled-components@6.1.15:
    resolution: {integrity: sha512-PpOTEztW87Ua2xbmLa7yssjNyUF9vE7wdldRfn1I2E6RTkqknkBYpj771OxM/xrvRGinLy2oysa7GOd7NcZZIA==}
    engines: {node: '>= 16'}
    peerDependencies:
      react: '>= 16.8.0'
      react-dom: '>= 16.8.0'

  styled-jsx@5.1.6:
    resolution: {integrity: sha512-qSVyDTeMotdvQYoHWLNGwRFJHC+i+ZvdBRYosOFgC+Wg1vx4frN2/RG/NA7SYqqvKNLf39P2LSRA2pu6n0XYZA==}
    engines: {node: '>= 12.0.0'}
    peerDependencies:
      '@babel/core': '*'
      babel-plugin-macros: '*'
      react: '>= 16.8.0 || 17.x.x || ^18.0.0-0 || ^19.0.0-0'
    peerDependenciesMeta:
      '@babel/core':
        optional: true
      babel-plugin-macros:
        optional: true

  stylis@4.3.2:
    resolution: {integrity: sha512-bhtUjWd/z6ltJiQwg0dUfxEJ+W+jdqQd8TbWLWyeIJHlnsqmGLRFFd8e5mA0AZi/zx90smXRlN66YMTcaSFifg==}

  tailwindcss@4.0.6:
    resolution: {integrity: sha512-mysewHYJKaXgNOW6pp5xon/emCsfAMnO8WMaGKZZ35fomnR/T5gYnRg2/yRTTrtXiEl1tiVkeRt0eMO6HxEZqw==}

  tapable@2.2.1:
    resolution: {integrity: sha512-GNzQvQTOIP6RyTfE2Qxb8ZVlNmw0n88vp1szwWRimP02mnTsx3Wtn5qRdqY9w2XduFNUgvOwhNnQsjwCp+kqaQ==}
    engines: {node: '>=6'}

  tslib@2.6.2:
    resolution: {integrity: sha512-AEYxH93jGFPn/a2iVAwW87VuUIkR1FVUKB77NwMF7nBTDkDrrT/Hpt/IrCJ0QXhW27jTBDcf5ZY7w6RiqTMw2Q==}

  tslib@2.8.1:
    resolution: {integrity: sha512-oJFu94HQb+KVduSUQL7wnpmqnfmLsOA/nAh6b6EH0wCEoK0/mPeXU6c3wKDV83MkOuHPRHtSXKKU99IBazS/2w==}

  typescript@5.7.3:
    resolution: {integrity: sha512-84MVSjMEHP+FQRPy3pX9sTVV/INIex71s9TL2Gm5FG/WG1SqXeKyZ0k7/blY/4FdOzI12CBy1vGc4og/eus0fw==}
    engines: {node: '>=14.17'}
    hasBin: true

  undici-types@6.20.0:
    resolution: {integrity: sha512-Ny6QZ2Nju20vw1SRHe3d9jVu6gJ+4e3+MMpqu7pqE5HT6WsTSlce++GQmK5UXS8mzV8DSYHrQH+Xrf2jVcuKNg==}

  use-count-up@3.0.1:
    resolution: {integrity: sha512-jlVsXJYje6jh+xwQaCEYrwHoB+nRyillNEmr21bhe9kw7tpRzyrSq9jQs9UOlo+8hCFkuOmjUihL3IjEK/piVg==}
    peerDependencies:
      react: '>=16.8.0'

  use-elapsed-time@3.0.2:
    resolution: {integrity: sha512-2EY9lJ5DWbAvT8wWiEp6Ztnl46DjXz2j78uhWbXaz/bg3OfpbgVucCAlcN8Bih6hTJfFTdVYX9L6ySMn5py/wQ==}
    peerDependencies:
      react: '>=16.8.0'

  util-deprecate@1.0.2:
    resolution: {integrity: sha512-EPD5q1uXyFxJpCrLnCc1nHnq3gOa6DZBocAIiI2TaSCA7VCJ1UJDMagCzIkXNsUYfD1daK//LTEQ8xiIbrHtcw==}

snapshots:

  '@alloc/quick-lru@5.2.0': {}

  '@dinero.js/calculator-number@2.0.0-alpha.10':
    dependencies:
      '@dinero.js/core': 2.0.0-alpha.10

  '@dinero.js/core@2.0.0-alpha.10':
    dependencies:
      '@dinero.js/currencies': 2.0.0-alpha.10

  '@dinero.js/currencies@2.0.0-alpha.10': {}

  '@emnapi/runtime@1.3.1':
    dependencies:
      tslib: 2.8.1
    optional: true

  '@emotion/is-prop-valid@1.2.2':
    dependencies:
      '@emotion/memoize': 0.8.1

  '@emotion/memoize@0.8.1': {}

  '@emotion/unitless@0.8.1': {}

  '@heroicons/react@2.2.0(react@19.0.0)':
    dependencies:
      react: 19.0.0

  '@img/sharp-darwin-arm64@0.33.5':
    optionalDependencies:
      '@img/sharp-libvips-darwin-arm64': 1.0.4
    optional: true

  '@img/sharp-darwin-x64@0.33.5':
    optionalDependencies:
      '@img/sharp-libvips-darwin-x64': 1.0.4
    optional: true

  '@img/sharp-libvips-darwin-arm64@1.0.4':
    optional: true

  '@img/sharp-libvips-darwin-x64@1.0.4':
    optional: true

  '@img/sharp-libvips-linux-arm64@1.0.4':
    optional: true

  '@img/sharp-libvips-linux-arm@1.0.5':
    optional: true

  '@img/sharp-libvips-linux-s390x@1.0.4':
    optional: true

  '@img/sharp-libvips-linux-x64@1.0.4':
    optional: true

  '@img/sharp-libvips-linuxmusl-arm64@1.0.4':
    optional: true

  '@img/sharp-libvips-linuxmusl-x64@1.0.4':
    optional: true

  '@img/sharp-linux-arm64@0.33.5':
    optionalDependencies:
      '@img/sharp-libvips-linux-arm64': 1.0.4
    optional: true

  '@img/sharp-linux-arm@0.33.5':
    optionalDependencies:
      '@img/sharp-libvips-linux-arm': 1.0.5
    optional: true

  '@img/sharp-linux-s390x@0.33.5':
    optionalDependencies:
      '@img/sharp-libvips-linux-s390x': 1.0.4
    optional: true

  '@img/sharp-linux-x64@0.33.5':
    optionalDependencies:
      '@img/sharp-libvips-linux-x64': 1.0.4
    optional: true

  '@img/sharp-linuxmusl-arm64@0.33.5':
    optionalDependencies:
      '@img/sharp-libvips-linuxmusl-arm64': 1.0.4
    optional: true

  '@img/sharp-linuxmusl-x64@0.33.5':
    optionalDependencies:
      '@img/sharp-libvips-linuxmusl-x64': 1.0.4
    optional: true

  '@img/sharp-wasm32@0.33.5':
    dependencies:
      '@emnapi/runtime': 1.3.1
    optional: true

  '@img/sharp-win32-ia32@0.33.5':
    optional: true

  '@img/sharp-win32-x64@0.33.5':
    optional: true

  '@next/env@15.2.0-canary.49': {}

  '@next/swc-darwin-arm64@15.2.0-canary.49':
    optional: true

  '@next/swc-darwin-x64@15.2.0-canary.49':
    optional: true

  '@next/swc-linux-arm64-gnu@15.2.0-canary.49':
    optional: true

  '@next/swc-linux-arm64-musl@15.2.0-canary.49':
    optional: true

  '@next/swc-linux-x64-gnu@15.2.0-canary.49':
    optional: true

  '@next/swc-linux-x64-musl@15.2.0-canary.49':
    optional: true

  '@next/swc-win32-arm64-msvc@15.2.0-canary.49':
    optional: true

  '@next/swc-win32-x64-msvc@15.2.0-canary.49':
    optional: true

  '@swc/counter@0.1.3': {}

  '@swc/helpers@0.5.15':
    dependencies:
      tslib: 2.8.1

  '@tailwindcss/forms@0.5.10(tailwindcss@4.0.6)':
    dependencies:
      mini-svg-data-uri: 1.4.4
      tailwindcss: 4.0.6

  '@tailwindcss/node@4.0.6':
    dependencies:
      enhanced-resolve: 5.18.1
      jiti: 2.4.2
      tailwindcss: 4.0.6

  '@tailwindcss/oxide-android-arm64@4.0.6':
    optional: true

  '@tailwindcss/oxide-darwin-arm64@4.0.6':
    optional: true

  '@tailwindcss/oxide-darwin-x64@4.0.6':
    optional: true

  '@tailwindcss/oxide-freebsd-x64@4.0.6':
    optional: true

  '@tailwindcss/oxide-linux-arm-gnueabihf@4.0.6':
    optional: true

  '@tailwindcss/oxide-linux-arm64-gnu@4.0.6':
    optional: true

  '@tailwindcss/oxide-linux-arm64-musl@4.0.6':
    optional: true

  '@tailwindcss/oxide-linux-x64-gnu@4.0.6':
    optional: true

  '@tailwindcss/oxide-linux-x64-musl@4.0.6':
    optional: true

  '@tailwindcss/oxide-win32-arm64-msvc@4.0.6':
    optional: true

  '@tailwindcss/oxide-win32-x64-msvc@4.0.6':
    optional: true

  '@tailwindcss/oxide@4.0.6':
    optionalDependencies:
      '@tailwindcss/oxide-android-arm64': 4.0.6
      '@tailwindcss/oxide-darwin-arm64': 4.0.6
      '@tailwindcss/oxide-darwin-x64': 4.0.6
      '@tailwindcss/oxide-freebsd-x64': 4.0.6
      '@tailwindcss/oxide-linux-arm-gnueabihf': 4.0.6
      '@tailwindcss/oxide-linux-arm64-gnu': 4.0.6
      '@tailwindcss/oxide-linux-arm64-musl': 4.0.6
      '@tailwindcss/oxide-linux-x64-gnu': 4.0.6
      '@tailwindcss/oxide-linux-x64-musl': 4.0.6
      '@tailwindcss/oxide-win32-arm64-msvc': 4.0.6
      '@tailwindcss/oxide-win32-x64-msvc': 4.0.6

  '@tailwindcss/postcss@4.0.6':
    dependencies:
      '@alloc/quick-lru': 5.2.0
      '@tailwindcss/node': 4.0.6
      '@tailwindcss/oxide': 4.0.6
      lightningcss: 1.29.1
      postcss: 8.5.2
      tailwindcss: 4.0.6

  '@tailwindcss/typography@0.5.16(tailwindcss@4.0.6)':
    dependencies:
      lodash.castarray: 4.4.0
      lodash.isplainobject: 4.0.6
      lodash.merge: 4.6.2
      postcss-selector-parser: 6.0.10
      tailwindcss: 4.0.6

  '@types/ms@2.1.0': {}

  '@types/node@22.13.1':
    dependencies:
      undici-types: 6.20.0

  '@types/react-dom@19.0.3(@types/react@19.0.8)':
    dependencies:
      '@types/react': 19.0.8

  '@types/react@19.0.8':
    dependencies:
      csstype: 3.1.3

  '@types/stylis@4.2.5': {}

  busboy@1.6.0:
    dependencies:
      streamsearch: 1.1.0

  camelize@1.0.1: {}

  caniuse-lite@1.0.30001699: {}

  client-only@0.0.1: {}

  clsx@2.1.1: {}

  color-convert@2.0.1:
    dependencies:
      color-name: 1.1.4
    optional: true

  color-name@1.1.4:
    optional: true

  color-string@1.9.1:
    dependencies:
      color-name: 1.1.4
      simple-swizzle: 0.2.2
    optional: true

  color@4.2.3:
    dependencies:
      color-convert: 2.0.1
      color-string: 1.9.1
    optional: true

  css-color-keywords@1.0.0: {}

  css-to-react-native@3.2.0:
    dependencies:
      camelize: 1.0.1
      css-color-keywords: 1.0.0
      postcss-value-parser: 4.2.0

  cssesc@3.0.0: {}

  csstype@3.1.3: {}

  date-fns@4.1.0: {}

  detect-libc@1.0.3: {}

  detect-libc@2.0.3:
    optional: true

  dinero.js@2.0.0-alpha.10:
    dependencies:
      '@dinero.js/calculator-number': 2.0.0-alpha.10
      '@dinero.js/core': 2.0.0-alpha.10
      '@dinero.js/currencies': 2.0.0-alpha.10

  enhanced-resolve@5.18.1:
    dependencies:
      graceful-fs: 4.2.11
      tapable: 2.2.1

  graceful-fs@4.2.11: {}

  is-arrayish@0.3.2:
    optional: true

  jiti@2.4.2: {}

  lightningcss-darwin-arm64@1.29.1:
    optional: true

  lightningcss-darwin-x64@1.29.1:
    optional: true

  lightningcss-freebsd-x64@1.29.1:
    optional: true

  lightningcss-linux-arm-gnueabihf@1.29.1:
    optional: true

  lightningcss-linux-arm64-gnu@1.29.1:
    optional: true

  lightningcss-linux-arm64-musl@1.29.1:
    optional: true

  lightningcss-linux-x64-gnu@1.29.1:
    optional: true

  lightningcss-linux-x64-musl@1.29.1:
    optional: true

  lightningcss-win32-arm64-msvc@1.29.1:
    optional: true

  lightningcss-win32-x64-msvc@1.29.1:
    optional: true

  lightningcss@1.29.1:
    dependencies:
      detect-libc: 1.0.3
    optionalDependencies:
      lightningcss-darwin-arm64: 1.29.1
      lightningcss-darwin-x64: 1.29.1
      lightningcss-freebsd-x64: 1.29.1
      lightningcss-linux-arm-gnueabihf: 1.29.1
      lightningcss-linux-arm64-gnu: 1.29.1
      lightningcss-linux-arm64-musl: 1.29.1
      lightningcss-linux-x64-gnu: 1.29.1
      lightningcss-linux-x64-musl: 1.29.1
      lightningcss-win32-arm64-msvc: 1.29.1
      lightningcss-win32-x64-msvc: 1.29.1

  lodash.castarray@4.4.0: {}

  lodash.isplainobject@4.0.6: {}

  lodash.merge@4.6.2: {}

  mini-svg-data-uri@1.4.4: {}

  ms@3.0.0-canary.1: {}

  nanoid@3.3.8: {}

  next@15.2.0-canary.49(react-dom@19.0.0(react@19.0.0))(react@19.0.0):
    dependencies:
      '@next/env': 15.2.0-canary.49
      '@swc/counter': 0.1.3
      '@swc/helpers': 0.5.15
      busboy: 1.6.0
      caniuse-lite: 1.0.30001699
      postcss: 8.4.31
      react: 19.0.0
      react-dom: 19.0.0(react@19.0.0)
      styled-jsx: 5.1.6(react@19.0.0)
    optionalDependencies:
      '@next/swc-darwin-arm64': 15.2.0-canary.49
      '@next/swc-darwin-x64': 15.2.0-canary.49
      '@next/swc-linux-arm64-gnu': 15.2.0-canary.49
      '@next/swc-linux-arm64-musl': 15.2.0-canary.49
      '@next/swc-linux-x64-gnu': 15.2.0-canary.49
      '@next/swc-linux-x64-musl': 15.2.0-canary.49
      '@next/swc-win32-arm64-msvc': 15.2.0-canary.49
      '@next/swc-win32-x64-msvc': 15.2.0-canary.49
      sharp: 0.33.5
    transitivePeerDependencies:
      - '@babel/core'
      - babel-plugin-macros

  picocolors@1.1.1: {}

  postcss-selector-parser@6.0.10:
    dependencies:
      cssesc: 3.0.0
      util-deprecate: 1.0.2

  postcss-value-parser@4.2.0: {}

  postcss@8.4.31:
    dependencies:
      nanoid: 3.3.8
      picocolors: 1.1.1
      source-map-js: 1.2.1

  postcss@8.4.49:
    dependencies:
      nanoid: 3.3.8
      picocolors: 1.1.1
      source-map-js: 1.2.1

  postcss@8.5.2:
    dependencies:
      nanoid: 3.3.8
      picocolors: 1.1.1
      source-map-js: 1.2.1

  prettier-plugin-tailwindcss@0.6.11(prettier@3.5.0):
    dependencies:
      prettier: 3.5.0

  prettier@3.5.0: {}

  react-dom@19.0.0(react@19.0.0):
    dependencies:
      react: 19.0.0
      scheduler: 0.25.0

  react@19.0.0: {}

  scheduler@0.25.0: {}

  semver@7.7.1:
    optional: true

  server-only@0.0.1: {}

  shallowequal@1.1.0: {}

  sharp@0.33.5:
    dependencies:
      color: 4.2.3
      detect-libc: 2.0.3
      semver: 7.7.1
    optionalDependencies:
      '@img/sharp-darwin-arm64': 0.33.5
      '@img/sharp-darwin-x64': 0.33.5
      '@img/sharp-libvips-darwin-arm64': 1.0.4
      '@img/sharp-libvips-darwin-x64': 1.0.4
      '@img/sharp-libvips-linux-arm': 1.0.5
      '@img/sharp-libvips-linux-arm64': 1.0.4
      '@img/sharp-libvips-linux-s390x': 1.0.4
      '@img/sharp-libvips-linux-x64': 1.0.4
      '@img/sharp-libvips-linuxmusl-arm64': 1.0.4
      '@img/sharp-libvips-linuxmusl-x64': 1.0.4
      '@img/sharp-linux-arm': 0.33.5
      '@img/sharp-linux-arm64': 0.33.5
      '@img/sharp-linux-s390x': 0.33.5
      '@img/sharp-linux-x64': 0.33.5
      '@img/sharp-linuxmusl-arm64': 0.33.5
      '@img/sharp-linuxmusl-x64': 0.33.5
      '@img/sharp-wasm32': 0.33.5
      '@img/sharp-win32-ia32': 0.33.5
      '@img/sharp-win32-x64': 0.33.5
    optional: true

  simple-swizzle@0.2.2:
    dependencies:
      is-arrayish: 0.3.2
    optional: true

  source-map-js@1.2.1: {}

  streamsearch@1.1.0: {}

  styled-components@6.1.15(react-dom@19.0.0(react@19.0.0))(react@19.0.0):
    dependencies:
      '@emotion/is-prop-valid': 1.2.2
      '@emotion/unitless': 0.8.1
      '@types/stylis': 4.2.5
      css-to-react-native: 3.2.0
      csstype: 3.1.3
      postcss: 8.4.49
      react: 19.0.0
      react-dom: 19.0.0(react@19.0.0)
      shallowequal: 1.1.0
      stylis: 4.3.2
      tslib: 2.6.2

  styled-jsx@5.1.6(react@19.0.0):
    dependencies:
      client-only: 0.0.1
      react: 19.0.0

  stylis@4.3.2: {}

  tailwindcss@4.0.6: {}

  tapable@2.2.1: {}

  tslib@2.6.2: {}

  tslib@2.8.1: {}

  typescript@5.7.3: {}

  undici-types@6.20.0: {}

  use-count-up@3.0.1(react@19.0.0):
    dependencies:
      react: 19.0.0
      use-elapsed-time: 3.0.2(react@19.0.0)

  use-elapsed-time@3.0.2(react@19.0.0):
    dependencies:
      react: 19.0.0

  util-deprecate@1.0.2: {}
